
Microsoft Visual Studio Solution File, Format Version 12.00
# Visual Studio Version 16
VisualStudioVersion = 16.0.31515.178
MinimumVisualStudioVersion = 10.0.40219.1
Project("{FAE04EC0-301F-11D3-BF4B-00C04F79EFBC}") = "CalculatorService", "CalculatorService\CalculatorService.csproj", "{3BA32654-22C9-4124-A136-170EF9161FA4}"
EndProject
Project("{FAE04EC0-301F-11D3-BF4B-00C04F79EFBC}") = "ClientApplication", "ClientApplication\ClientApplication.csproj", "{4DC6BA9E-40E2-4956-A0BD-099F887537DB}"
EndProject
Global
	GlobalSection(SolutionConfigurationPlatforms) = preSolution
		Debug|Any CPU = Debug|Any CPU
		Release|Any CPU = Release|Any CPU
	EndGlobalSection
	GlobalSection(ProjectConfigurationPlatforms) = postSolution
		{3BA32654-22C9-4124-A136-170EF9161FA4}.Debug|Any CPU.ActiveCfg = Debug|Any CPU
		{3BA32654-22C9-4124-A136-170EF9161FA4}.Debug|Any CPU.Build.0 = Debug|Any CPU
		{3BA32654-22C9-4124-A136-170EF9161FA4}.Release|Any CPU.ActiveCfg = Release|Any CPU
		{3BA32654-22C9-4124-A136-170EF9161FA4}.Release|Any CPU.Build.0 = Release|Any CPU
		{4DC6BA9E-40E2-4956-A0BD-099F887537DB}.Debug|Any CPU.ActiveCfg = Debug|Any CPU
		{4DC6BA9E-40E2-4956-A0BD-099F887537DB}.Debug|Any CPU.Build.0 = Debug|Any CPU
		{4DC6BA9E-40E2-4956-A0BD-099F887537DB}.Release|Any CPU.ActiveCfg = Release|Any CPU
		{4DC6BA9E-40E2-4956-A0BD-099F887537DB}.Release|Any CPU.Build.0 = Release|Any CPU
	EndGlobalSection
	GlobalSection(SolutionProperties) = preSolution
		HideSolutionNode = FALSE
	EndGlobalSection
	GlobalSection(ExtensibilityGlobals) = postSolution
		SolutionGuid = {D6D06979-CF3F-49E8-982A-CE56292F74AF}
	EndGlobalSection
EndGlobal
